
Microsoft Visual Studio Solution File, Format Version 12.00
# Visual Studio 15
VisualStudioVersion = 15.0.27004.2005
MinimumVisualStudioVersion = 10.0.40219.1
Project("{888888A0-9F3D-457C-B088-3A5042F75D52}") = "OpenCV", "OpenCV\OpenCV.pyproj", "{E114C6F7-38F8-4206-B613-B381A59C3CA7}"
EndProject
Global
	GlobalSection(SolutionConfigurationPlatforms) = preSolution
		Debug|Any CPU = Debug|Any CPU
		Release|Any CPU = Release|Any CPU
	EndGlobalSection
	GlobalSection(ProjectConfigurationPlatforms) = postSolution
		{E114C6F7-38F8-4206-B613-B381A59C3CA7}.Debug|Any CPU.ActiveCfg = Debug|Any CPU
		{E114C6F7-38F8-4206-B613-B381A59C3CA7}.Release|Any CPU.ActiveCfg = Release|Any CPU
	EndGlobalSection
	GlobalSection(SolutionProperties) = preSolution
		HideSolutionNode = FALSE
	EndGlobalSection
	GlobalSection(ExtensibilityGlobals) = postSolution
		SolutionGuid = {8891595C-1FEA-418B-A363-2AA77E0F0E30}
	EndGlobalSection
EndGlobal
